// !$*UTF8*$!
{
	archiveVersion = 1;
	classes = {
	};
	objectVersion = 46;
	objects = {

/* Begin PBXBuildFile section */
		F21C2E1B1DF73BC000A42D1B /* ScreenTest.swift in Sources */ = {isa = PBXBuildFile; fileRef = F21C2E1A1DF73BC000A42D1B /* ScreenTest.swift */; };
		F21C455E1DF4845800ADFF50 /* ScreenFlow.swift in Sources */ = {isa = PBXBuildFile; fileRef = F21C455D1DF4845800ADFF50 /* ScreenFlow.swift */; };
		F21C45601DF4846B00ADFF50 /* Screen.swift in Sources */ = {isa = PBXBuildFile; fileRef = F21C455F1DF4846B00ADFF50 /* Screen.swift */; };
		F21C45621DF48D6900ADFF50 /* ScreenOneViewController.swift in Sources */ = {isa = PBXBuildFile; fileRef = F21C45611DF48D6900ADFF50 /* ScreenOneViewController.swift */; };
		F21C45641DF48D7700ADFF50 /* ScreenTwoViewController.swift in Sources */ = {isa = PBXBuildFile; fileRef = F21C45631DF48D7700ADFF50 /* ScreenTwoViewController.swift */; };
		F21C45661DF4907400ADFF50 /* ScreenFlowTests.swift in Sources */ = {isa = PBXBuildFile; fileRef = F21C45651DF4907400ADFF50 /* ScreenFlowTests.swift */; };
		F21C45681DF498D200ADFF50 /* ScreenFlowManagerTests.swift in Sources */ = {isa = PBXBuildFile; fileRef = F21C45671DF498D200ADFF50 /* ScreenFlowManagerTests.swift */; };
		F21C456B1DF49A1E00ADFF50 /* ScreenFlowManager.swift in Sources */ = {isa = PBXBuildFile; fileRef = F21C45691DF4998900ADFF50 /* ScreenFlowManager.swift */; };
		F21C456E1DF49F5F00ADFF50 /* ScreenFlowKit.framework in Frameworks */ = {isa = PBXBuildFile; fileRef = F22D20681DF41EC30032B8D6 /* ScreenFlowKit.framework */; };
		F22D206D1DF41EC30032B8D6 /* ScreenFlowKit.h in Headers */ = {isa = PBXBuildFile; fileRef = F22D206B1DF41EC30032B8D6 /* ScreenFlowKit.h */; settings = {ATTRIBUTES = (Public, ); }; };
		F22D20781DF41F150032B8D6 /* ScreenFlowKitTests.swift in Sources */ = {isa = PBXBuildFile; fileRef = F22D20771DF41F150032B8D6 /* ScreenFlowKitTests.swift */; };
		F22D207A1DF41F150032B8D6 /* ScreenFlowKit.framework in Frameworks */ = {isa = PBXBuildFile; fileRef = F22D20681DF41EC30032B8D6 /* ScreenFlowKit.framework */; };
		F22D20871DF41F3A0032B8D6 /* AppDelegate.swift in Sources */ = {isa = PBXBuildFile; fileRef = F22D20861DF41F3A0032B8D6 /* AppDelegate.swift */; };
		F22D20891DF41F3A0032B8D6 /* StartViewController.swift in Sources */ = {isa = PBXBuildFile; fileRef = F22D20881DF41F3A0032B8D6 /* StartViewController.swift */; };
		F22D208C1DF41F3A0032B8D6 /* Main.storyboard in Resources */ = {isa = PBXBuildFile; fileRef = F22D208A1DF41F3A0032B8D6 /* Main.storyboard */; };
		F22D208E1DF41F3A0032B8D6 /* Assets.xcassets in Resources */ = {isa = PBXBuildFile; fileRef = F22D208D1DF41F3A0032B8D6 /* Assets.xcassets */; };
		F22D20911DF41F3A0032B8D6 /* LaunchScreen.storyboard in Resources */ = {isa = PBXBuildFile; fileRef = F22D208F1DF41F3A0032B8D6 /* LaunchScreen.storyboard */; };
/* End PBXBuildFile section */

/* Begin PBXContainerItemProxy section */
		F2196AED1DF5E99C00F195CA /* PBXContainerItemProxy */ = {
			isa = PBXContainerItemProxy;
			containerPortal = F22D205B1DF41BA10032B8D6 /* Project object */;
			proxyType = 1;
			remoteGlobalIDString = F22D20831DF41F3A0032B8D6;
			remoteInfo = ScreenFlowKitExample;
		};
		F21C456C1DF49F3300ADFF50 /* PBXContainerItemProxy */ = {
			isa = PBXContainerItemProxy;
			containerPortal = F22D205B1DF41BA10032B8D6 /* Project object */;
			proxyType = 1;
			remoteGlobalIDString = F22D20671DF41EC30032B8D6;
			remoteInfo = ScreenFlowKit;
		};
		F22D207B1DF41F150032B8D6 /* PBXContainerItemProxy */ = {
			isa = PBXContainerItemProxy;
			containerPortal = F22D205B1DF41BA10032B8D6 /* Project object */;
			proxyType = 1;
			remoteGlobalIDString = F22D20671DF41EC30032B8D6;
			remoteInfo = ScreenFlowKit;
		};
/* End PBXContainerItemProxy section */

/* Begin PBXFileReference section */
		F21C2E1A1DF73BC000A42D1B /* ScreenTest.swift */ = {isa = PBXFileReference; fileEncoding = 4; lastKnownFileType = sourcecode.swift; path = ScreenTest.swift; sourceTree = "<group>"; };
		F21C455D1DF4845800ADFF50 /* ScreenFlow.swift */ = {isa = PBXFileReference; fileEncoding = 4; lastKnownFileType = sourcecode.swift; path = ScreenFlow.swift; sourceTree = "<group>"; };
		F21C455F1DF4846B00ADFF50 /* Screen.swift */ = {isa = PBXFileReference; fileEncoding = 4; lastKnownFileType = sourcecode.swift; path = Screen.swift; sourceTree = "<group>"; };
		F21C45611DF48D6900ADFF50 /* ScreenOneViewController.swift */ = {isa = PBXFileReference; fileEncoding = 4; lastKnownFileType = sourcecode.swift; path = ScreenOneViewController.swift; sourceTree = "<group>"; };
		F21C45631DF48D7700ADFF50 /* ScreenTwoViewController.swift */ = {isa = PBXFileReference; fileEncoding = 4; lastKnownFileType = sourcecode.swift; path = ScreenTwoViewController.swift; sourceTree = "<group>"; };
		F21C45651DF4907400ADFF50 /* ScreenFlowTests.swift */ = {isa = PBXFileReference; fileEncoding = 4; lastKnownFileType = sourcecode.swift; path = ScreenFlowTests.swift; sourceTree = "<group>"; };
		F21C45671DF498D200ADFF50 /* ScreenFlowManagerTests.swift */ = {isa = PBXFileReference; fileEncoding = 4; lastKnownFileType = sourcecode.swift; path = ScreenFlowManagerTests.swift; sourceTree = "<group>"; };
		F21C45691DF4998900ADFF50 /* ScreenFlowManager.swift */ = {isa = PBXFileReference; fileEncoding = 4; lastKnownFileType = sourcecode.swift; path = ScreenFlowManager.swift; sourceTree = "<group>"; };
		F22D20681DF41EC30032B8D6 /* ScreenFlowKit.framework */ = {isa = PBXFileReference; explicitFileType = wrapper.framework; includeInIndex = 0; path = ScreenFlowKit.framework; sourceTree = BUILT_PRODUCTS_DIR; };
		F22D206B1DF41EC30032B8D6 /* ScreenFlowKit.h */ = {isa = PBXFileReference; lastKnownFileType = sourcecode.c.h; path = ScreenFlowKit.h; sourceTree = "<group>"; };
		F22D206C1DF41EC30032B8D6 /* Info.plist */ = {isa = PBXFileReference; lastKnownFileType = text.plist.xml; path = Info.plist; sourceTree = "<group>"; };
		F22D20751DF41F150032B8D6 /* ScreenFlowKitTests.xctest */ = {isa = PBXFileReference; explicitFileType = wrapper.cfbundle; includeInIndex = 0; path = ScreenFlowKitTests.xctest; sourceTree = BUILT_PRODUCTS_DIR; };
		F22D20771DF41F150032B8D6 /* ScreenFlowKitTests.swift */ = {isa = PBXFileReference; lastKnownFileType = sourcecode.swift; path = ScreenFlowKitTests.swift; sourceTree = "<group>"; };
		F22D20791DF41F150032B8D6 /* Info.plist */ = {isa = PBXFileReference; lastKnownFileType = text.plist.xml; path = Info.plist; sourceTree = "<group>"; };
		F22D20841DF41F3A0032B8D6 /* ScreenFlowKitExample.app */ = {isa = PBXFileReference; explicitFileType = wrapper.application; includeInIndex = 0; path = ScreenFlowKitExample.app; sourceTree = BUILT_PRODUCTS_DIR; };
		F22D20861DF41F3A0032B8D6 /* AppDelegate.swift */ = {isa = PBXFileReference; lastKnownFileType = sourcecode.swift; path = AppDelegate.swift; sourceTree = "<group>"; };
		F22D20881DF41F3A0032B8D6 /* StartViewController.swift */ = {isa = PBXFileReference; lastKnownFileType = sourcecode.swift; path = StartViewController.swift; sourceTree = "<group>"; };
		F22D208B1DF41F3A0032B8D6 /* Base */ = {isa = PBXFileReference; lastKnownFileType = file.storyboard; name = Base; path = Base.lproj/Main.storyboard; sourceTree = "<group>"; };
		F22D208D1DF41F3A0032B8D6 /* Assets.xcassets */ = {isa = PBXFileReference; lastKnownFileType = folder.assetcatalog; path = Assets.xcassets; sourceTree = "<group>"; };
		F22D20901DF41F3A0032B8D6 /* Base */ = {isa = PBXFileReference; lastKnownFileType = file.storyboard; name = Base; path = Base.lproj/LaunchScreen.storyboard; sourceTree = "<group>"; };
		F22D20921DF41F3A0032B8D6 /* Info.plist */ = {isa = PBXFileReference; lastKnownFileType = text.plist.xml; path = Info.plist; sourceTree = "<group>"; };
/* End PBXFileReference section */

/* Begin PBXFrameworksBuildPhase section */
		F22D20641DF41EC30032B8D6 /* Frameworks */ = {
			isa = PBXFrameworksBuildPhase;
			buildActionMask = 2147483647;
			files = (
			);
			runOnlyForDeploymentPostprocessing = 0;
		};
		F22D20721DF41F150032B8D6 /* Frameworks */ = {
			isa = PBXFrameworksBuildPhase;
			buildActionMask = 2147483647;
			files = (
				F22D207A1DF41F150032B8D6 /* ScreenFlowKit.framework in Frameworks */,
			);
			runOnlyForDeploymentPostprocessing = 0;
		};
		F22D20811DF41F3A0032B8D6 /* Frameworks */ = {
			isa = PBXFrameworksBuildPhase;
			buildActionMask = 2147483647;
			files = (
				F21C456E1DF49F5F00ADFF50 /* ScreenFlowKit.framework in Frameworks */,
			);
			runOnlyForDeploymentPostprocessing = 0;
		};
/* End PBXFrameworksBuildPhase section */

/* Begin PBXGroup section */
		F22D205A1DF41BA10032B8D6 = {
			isa = PBXGroup;
			children = (
				F22D20611DF41C100032B8D6 /* Sources */,
				F22D20621DF41C270032B8D6 /* Tests */,
				F22D206A1DF41EC30032B8D6 /* ScreenFlowKit */,
				F22D20761DF41F150032B8D6 /* ScreenFlowKitTests */,
				F22D20851DF41F3A0032B8D6 /* ScreenFlowKitExample */,
				F22D20691DF41EC30032B8D6 /* Products */,
			);
			sourceTree = "<group>";
		};
		F22D20611DF41C100032B8D6 /* Sources */ = {
			isa = PBXGroup;
			children = (
				F21C455D1DF4845800ADFF50 /* ScreenFlow.swift */,
				F21C455F1DF4846B00ADFF50 /* Screen.swift */,
				F21C45691DF4998900ADFF50 /* ScreenFlowManager.swift */,
			);
			path = Sources;
			sourceTree = "<group>";
		};
		F22D20621DF41C270032B8D6 /* Tests */ = {
			isa = PBXGroup;
			children = (
				F21C45651DF4907400ADFF50 /* ScreenFlowTests.swift */,
				F21C45671DF498D200ADFF50 /* ScreenFlowManagerTests.swift */,
				F21C2E1A1DF73BC000A42D1B /* ScreenTest.swift */,
			);
			path = Tests;
			sourceTree = "<group>";
		};
		F22D20691DF41EC30032B8D6 /* Products */ = {
			isa = PBXGroup;
			children = (
				F22D20681DF41EC30032B8D6 /* ScreenFlowKit.framework */,
				F22D20751DF41F150032B8D6 /* ScreenFlowKitTests.xctest */,
				F22D20841DF41F3A0032B8D6 /* ScreenFlowKitExample.app */,
			);
			name = Products;
			sourceTree = "<group>";
		};
		F22D206A1DF41EC30032B8D6 /* ScreenFlowKit */ = {
			isa = PBXGroup;
			children = (
				F22D206B1DF41EC30032B8D6 /* ScreenFlowKit.h */,
				F22D206C1DF41EC30032B8D6 /* Info.plist */,
			);
			path = ScreenFlowKit;
			sourceTree = "<group>";
		};
		F22D20761DF41F150032B8D6 /* ScreenFlowKitTests */ = {
			isa = PBXGroup;
			children = (
				F22D20771DF41F150032B8D6 /* ScreenFlowKitTests.swift */,
				F22D20791DF41F150032B8D6 /* Info.plist */,
			);
			path = ScreenFlowKitTests;
			sourceTree = "<group>";
		};
		F22D20851DF41F3A0032B8D6 /* ScreenFlowKitExample */ = {
			isa = PBXGroup;
			children = (
				F22D20861DF41F3A0032B8D6 /* AppDelegate.swift */,
				F22D20881DF41F3A0032B8D6 /* StartViewController.swift */,
				F21C45611DF48D6900ADFF50 /* ScreenOneViewController.swift */,
				F21C45631DF48D7700ADFF50 /* ScreenTwoViewController.swift */,
				F22D208A1DF41F3A0032B8D6 /* Main.storyboard */,
				F22D208D1DF41F3A0032B8D6 /* Assets.xcassets */,
				F22D208F1DF41F3A0032B8D6 /* LaunchScreen.storyboard */,
				F22D20921DF41F3A0032B8D6 /* Info.plist */,
			);
			path = ScreenFlowKitExample;
			sourceTree = "<group>";
		};
/* End PBXGroup section */

/* Begin PBXHeadersBuildPhase section */
		F22D20651DF41EC30032B8D6 /* Headers */ = {
			isa = PBXHeadersBuildPhase;
			buildActionMask = 2147483647;
			files = (
				F22D206D1DF41EC30032B8D6 /* ScreenFlowKit.h in Headers */,
			);
			runOnlyForDeploymentPostprocessing = 0;
		};
/* End PBXHeadersBuildPhase section */

/* Begin PBXNativeTarget section */
		F22D20671DF41EC30032B8D6 /* ScreenFlowKit */ = {
			isa = PBXNativeTarget;
			buildConfigurationList = F22D206E1DF41EC30032B8D6 /* Build configuration list for PBXNativeTarget "ScreenFlowKit" */;
			buildPhases = (
				F22D20631DF41EC30032B8D6 /* Sources */,
				F22D20641DF41EC30032B8D6 /* Frameworks */,
				F22D20651DF41EC30032B8D6 /* Headers */,
				F22D20661DF41EC30032B8D6 /* Resources */,
			);
			buildRules = (
			);
			dependencies = (
			);
			name = ScreenFlowKit;
			productName = ScreenFlowKit;
			productReference = F22D20681DF41EC30032B8D6 /* ScreenFlowKit.framework */;
			productType = "com.apple.product-type.framework";
		};
		F22D20741DF41F150032B8D6 /* ScreenFlowKitTests */ = {
			isa = PBXNativeTarget;
			buildConfigurationList = F22D207D1DF41F150032B8D6 /* Build configuration list for PBXNativeTarget "ScreenFlowKitTests" */;
			buildPhases = (
				F22D20711DF41F150032B8D6 /* Sources */,
				F22D20721DF41F150032B8D6 /* Frameworks */,
				F22D20731DF41F150032B8D6 /* Resources */,
			);
			buildRules = (
			);
			dependencies = (
				F22D207C1DF41F150032B8D6 /* PBXTargetDependency */,
				F2196AEE1DF5E99C00F195CA /* PBXTargetDependency */,
			);
			name = ScreenFlowKitTests;
			productName = ScreenFlowKitTests;
			productReference = F22D20751DF41F150032B8D6 /* ScreenFlowKitTests.xctest */;
			productType = "com.apple.product-type.bundle.unit-test";
		};
		F22D20831DF41F3A0032B8D6 /* ScreenFlowKitExample */ = {
			isa = PBXNativeTarget;
			buildConfigurationList = F22D20931DF41F3A0032B8D6 /* Build configuration list for PBXNativeTarget "ScreenFlowKitExample" */;
			buildPhases = (
				F22D20801DF41F3A0032B8D6 /* Sources */,
				F22D20811DF41F3A0032B8D6 /* Frameworks */,
				F22D20821DF41F3A0032B8D6 /* Resources */,
			);
			buildRules = (
			);
			dependencies = (
				F21C456D1DF49F3300ADFF50 /* PBXTargetDependency */,
			);
			name = ScreenFlowKitExample;
			productName = ScreenFlowKitExample;
			productReference = F22D20841DF41F3A0032B8D6 /* ScreenFlowKitExample.app */;
			productType = "com.apple.product-type.application";
		};
/* End PBXNativeTarget section */

/* Begin PBXProject section */
		F22D205B1DF41BA10032B8D6 /* Project object */ = {
			isa = PBXProject;
			attributes = {
				LastSwiftUpdateCheck = 0810;
				LastUpgradeCheck = 0810;
				TargetAttributes = {
					F22D20671DF41EC30032B8D6 = {
						CreatedOnToolsVersion = 8.1;
						DevelopmentTeam = YZB6HYGFR3;
						LastSwiftMigration = 0810;
						ProvisioningStyle = Automatic;
					};
					F22D20741DF41F150032B8D6 = {
						CreatedOnToolsVersion = 8.1;
						DevelopmentTeam = YZB6HYGFR3;
						ProvisioningStyle = Automatic;
						TestTargetID = F22D20831DF41F3A0032B8D6;
					};
					F22D20831DF41F3A0032B8D6 = {
						CreatedOnToolsVersion = 8.1;
						DevelopmentTeam = YZB6HYGFR3;
						ProvisioningStyle = Automatic;
					};
				};
			};
			buildConfigurationList = F22D205E1DF41BA10032B8D6 /* Build configuration list for PBXProject "ScreenFlowKit" */;
			compatibilityVersion = "Xcode 3.2";
			developmentRegion = English;
			hasScannedForEncodings = 0;
			knownRegions = (
				en,
				Base,
			);
			mainGroup = F22D205A1DF41BA10032B8D6;
			productRefGroup = F22D20691DF41EC30032B8D6 /* Products */;
			projectDirPath = "";
			projectRoot = "";
			targets = (
				F22D20671DF41EC30032B8D6 /* ScreenFlowKit */,
				F22D20741DF41F150032B8D6 /* ScreenFlowKitTests */,
				F22D20831DF41F3A0032B8D6 /* ScreenFlowKitExample */,
			);
		};
/* End PBXProject section */

/* Begin PBXResourcesBuildPhase section */
		F22D20661DF41EC30032B8D6 /* Resources */ = {
			isa = PBXResourcesBuildPhase;
			buildActionMask = 2147483647;
			files = (
			);
			runOnlyForDeploymentPostprocessing = 0;
		};
		F22D20731DF41F150032B8D6 /* Resources */ = {
			isa = PBXResourcesBuildPhase;
			buildActionMask = 2147483647;
			files = (
			);
			runOnlyForDeploymentPostprocessing = 0;
		};
		F22D20821DF41F3A0032B8D6 /* Resources */ = {
			isa = PBXResourcesBuildPhase;
			buildActionMask = 2147483647;
			files = (
				F22D20911DF41F3A0032B8D6 /* LaunchScreen.storyboard in Resources */,
				F22D208E1DF41F3A0032B8D6 /* Assets.xcassets in Resources */,
				F22D208C1DF41F3A0032B8D6 /* Main.storyboard in Resources */,
			);
			runOnlyForDeploymentPostprocessing = 0;
		};
/* End PBXResourcesBuildPhase section */

/* Begin PBXSourcesBuildPhase section */
		F22D20631DF41EC30032B8D6 /* Sources */ = {
			isa = PBXSourcesBuildPhase;
			buildActionMask = 2147483647;
			files = (
				F21C455E1DF4845800ADFF50 /* ScreenFlow.swift in Sources */,
				F21C456B1DF49A1E00ADFF50 /* ScreenFlowManager.swift in Sources */,
				F21C45601DF4846B00ADFF50 /* Screen.swift in Sources */,
			);
			runOnlyForDeploymentPostprocessing = 0;
		};
		F22D20711DF41F150032B8D6 /* Sources */ = {
			isa = PBXSourcesBuildPhase;
			buildActionMask = 2147483647;
			files = (
				F21C45681DF498D200ADFF50 /* ScreenFlowManagerTests.swift in Sources */,
				F22D20781DF41F150032B8D6 /* ScreenFlowKitTests.swift in Sources */,
				F21C45661DF4907400ADFF50 /* ScreenFlowTests.swift in Sources */,
				F21C2E1B1DF73BC000A42D1B /* ScreenTest.swift in Sources */,
			);
			runOnlyForDeploymentPostprocessing = 0;
		};
		F22D20801DF41F3A0032B8D6 /* Sources */ = {
			isa = PBXSourcesBuildPhase;
			buildActionMask = 2147483647;
			files = (
				F22D20891DF41F3A0032B8D6 /* StartViewController.swift in Sources */,
				F21C45641DF48D7700ADFF50 /* ScreenTwoViewController.swift in Sources */,
				F22D20871DF41F3A0032B8D6 /* AppDelegate.swift in Sources */,
				F21C45621DF48D6900ADFF50 /* ScreenOneViewController.swift in Sources */,
			);
			runOnlyForDeploymentPostprocessing = 0;
		};
/* End PBXSourcesBuildPhase section */

/* Begin PBXTargetDependency section */
		F2196AEE1DF5E99C00F195CA /* PBXTargetDependency */ = {
			isa = PBXTargetDependency;
			target = F22D20831DF41F3A0032B8D6 /* ScreenFlowKitExample */;
			targetProxy = F2196AED1DF5E99C00F195CA /* PBXContainerItemProxy */;
		};
		F21C456D1DF49F3300ADFF50 /* PBXTargetDependency */ = {
			isa = PBXTargetDependency;
			target = F22D20671DF41EC30032B8D6 /* ScreenFlowKit */;
			targetProxy = F21C456C1DF49F3300ADFF50 /* PBXContainerItemProxy */;
		};
		F22D207C1DF41F150032B8D6 /* PBXTargetDependency */ = {
			isa = PBXTargetDependency;
			target = F22D20671DF41EC30032B8D6 /* ScreenFlowKit */;
			targetProxy = F22D207B1DF41F150032B8D6 /* PBXContainerItemProxy */;
		};
/* End PBXTargetDependency section */

/* Begin PBXVariantGroup section */
		F22D208A1DF41F3A0032B8D6 /* Main.storyboard */ = {
			isa = PBXVariantGroup;
			children = (
				F22D208B1DF41F3A0032B8D6 /* Base */,
			);
			name = Main.storyboard;
			sourceTree = "<group>";
		};
		F22D208F1DF41F3A0032B8D6 /* LaunchScreen.storyboard */ = {
			isa = PBXVariantGroup;
			children = (
				F22D20901DF41F3A0032B8D6 /* Base */,
			);
			name = LaunchScreen.storyboard;
			sourceTree = "<group>";
		};
/* End PBXVariantGroup section */

/* Begin XCBuildConfiguration section */
		F22D205F1DF41BA10032B8D6 /* Debug */ = {
			isa = XCBuildConfiguration;
			buildSettings = {
			};
			name = Debug;
		};
		F22D20601DF41BA10032B8D6 /* Release */ = {
			isa = XCBuildConfiguration;
			buildSettings = {
			};
			name = Release;
		};
		F22D206F1DF41EC30032B8D6 /* Debug */ = {
			isa = XCBuildConfiguration;
			buildSettings = {
				ALWAYS_SEARCH_USER_PATHS = NO;
				CLANG_ANALYZER_NONNULL = YES;
				CLANG_CXX_LANGUAGE_STANDARD = "gnu++0x";
				CLANG_CXX_LIBRARY = "libc++";
				CLANG_ENABLE_MODULES = YES;
				CLANG_ENABLE_OBJC_ARC = YES;
				CLANG_WARN_BOOL_CONVERSION = YES;
				CLANG_WARN_CONSTANT_CONVERSION = YES;
				CLANG_WARN_DIRECT_OBJC_ISA_USAGE = YES_ERROR;
				CLANG_WARN_DOCUMENTATION_COMMENTS = YES;
				CLANG_WARN_EMPTY_BODY = YES;
				CLANG_WARN_ENUM_CONVERSION = YES;
				CLANG_WARN_INFINITE_RECURSION = YES;
				CLANG_WARN_INT_CONVERSION = YES;
				CLANG_WARN_OBJC_ROOT_CLASS = YES_ERROR;
				CLANG_WARN_SUSPICIOUS_MOVES = YES;
				CLANG_WARN_UNREACHABLE_CODE = YES;
				CLANG_WARN__DUPLICATE_METHOD_MATCH = YES;
				CODE_SIGN_IDENTITY = "";
				"CODE_SIGN_IDENTITY[sdk=iphoneos*]" = "iPhone Developer";
				COPY_PHASE_STRIP = NO;
				CURRENT_PROJECT_VERSION = 1;
				DEBUG_INFORMATION_FORMAT = dwarf;
				DEFINES_MODULE = YES;
				DEVELOPMENT_TEAM = YZB6HYGFR3;
				DYLIB_COMPATIBILITY_VERSION = 1;
				DYLIB_CURRENT_VERSION = 1;
				DYLIB_INSTALL_NAME_BASE = "@rpath";
				ENABLE_STRICT_OBJC_MSGSEND = YES;
				ENABLE_TESTABILITY = YES;
				GCC_C_LANGUAGE_STANDARD = gnu99;
				GCC_DYNAMIC_NO_PIC = NO;
				GCC_NO_COMMON_BLOCKS = YES;
				GCC_OPTIMIZATION_LEVEL = 0;
				GCC_PREPROCESSOR_DEFINITIONS = (
					"DEBUG=1",
					"$(inherited)",
				);
				GCC_WARN_64_TO_32_BIT_CONVERSION = YES;
				GCC_WARN_ABOUT_RETURN_TYPE = YES_ERROR;
				GCC_WARN_UNDECLARED_SELECTOR = YES;
				GCC_WARN_UNINITIALIZED_AUTOS = YES_AGGRESSIVE;
				GCC_WARN_UNUSED_FUNCTION = YES;
				GCC_WARN_UNUSED_VARIABLE = YES;
				INFOPLIST_FILE = ScreenFlowKit/Info.plist;
				INSTALL_PATH = "$(LOCAL_LIBRARY_DIR)/Frameworks";
				IPHONEOS_DEPLOYMENT_TARGET = 9.0;
				LD_RUNPATH_SEARCH_PATHS = "$(inherited) @executable_path/Frameworks @loader_path/Frameworks";
				MTL_ENABLE_DEBUG_INFO = YES;
				ONLY_ACTIVE_ARCH = YES;
				PRODUCT_BUNDLE_IDENTIFIER = org.karrmarr.ScreenFlowKit;
				PRODUCT_NAME = "$(TARGET_NAME)";
				SDKROOT = iphoneos;
				SKIP_INSTALL = YES;
				SWIFT_ACTIVE_COMPILATION_CONDITIONS = DEBUG;
				SWIFT_OPTIMIZATION_LEVEL = "-Onone";
				SWIFT_VERSION = 3.0;
				TARGETED_DEVICE_FAMILY = "1,2";
				VERSIONING_SYSTEM = "apple-generic";
				VERSION_INFO_PREFIX = "";
			};
			name = Debug;
		};
		F22D20701DF41EC30032B8D6 /* Release */ = {
			isa = XCBuildConfiguration;
			buildSettings = {
				ALWAYS_SEARCH_USER_PATHS = NO;
				CLANG_ANALYZER_NONNULL = YES;
				CLANG_CXX_LANGUAGE_STANDARD = "gnu++0x";
				CLANG_CXX_LIBRARY = "libc++";
				CLANG_ENABLE_MODULES = YES;
				CLANG_ENABLE_OBJC_ARC = YES;
				CLANG_WARN_BOOL_CONVERSION = YES;
				CLANG_WARN_CONSTANT_CONVERSION = YES;
				CLANG_WARN_DIRECT_OBJC_ISA_USAGE = YES_ERROR;
				CLANG_WARN_DOCUMENTATION_COMMENTS = YES;
				CLANG_WARN_EMPTY_BODY = YES;
				CLANG_WARN_ENUM_CONVERSION = YES;
				CLANG_WARN_INFINITE_RECURSION = YES;
				CLANG_WARN_INT_CONVERSION = YES;
				CLANG_WARN_OBJC_ROOT_CLASS = YES_ERROR;
				CLANG_WARN_SUSPICIOUS_MOVES = YES;
				CLANG_WARN_UNREACHABLE_CODE = YES;
				CLANG_WARN__DUPLICATE_METHOD_MATCH = YES;
				CODE_SIGN_IDENTITY = "";
				"CODE_SIGN_IDENTITY[sdk=iphoneos*]" = "iPhone Developer";
				COPY_PHASE_STRIP = NO;
				CURRENT_PROJECT_VERSION = 1;
				DEBUG_INFORMATION_FORMAT = "dwarf-with-dsym";
				DEFINES_MODULE = YES;
				DEVELOPMENT_TEAM = YZB6HYGFR3;
				DYLIB_COMPATIBILITY_VERSION = 1;
				DYLIB_CURRENT_VERSION = 1;
				DYLIB_INSTALL_NAME_BASE = "@rpath";
				ENABLE_NS_ASSERTIONS = NO;
				ENABLE_STRICT_OBJC_MSGSEND = YES;
				GCC_C_LANGUAGE_STANDARD = gnu99;
				GCC_NO_COMMON_BLOCKS = YES;
				GCC_WARN_64_TO_32_BIT_CONVERSION = YES;
				GCC_WARN_ABOUT_RETURN_TYPE = YES_ERROR;
				GCC_WARN_UNDECLARED_SELECTOR = YES;
				GCC_WARN_UNINITIALIZED_AUTOS = YES_AGGRESSIVE;
				GCC_WARN_UNUSED_FUNCTION = YES;
				GCC_WARN_UNUSED_VARIABLE = YES;
				INFOPLIST_FILE = ScreenFlowKit/Info.plist;
				INSTALL_PATH = "$(LOCAL_LIBRARY_DIR)/Frameworks";
				IPHONEOS_DEPLOYMENT_TARGET = 9.0;
				LD_RUNPATH_SEARCH_PATHS = "$(inherited) @executable_path/Frameworks @loader_path/Frameworks";
				MTL_ENABLE_DEBUG_INFO = NO;
				PRODUCT_BUNDLE_IDENTIFIER = org.karrmarr.ScreenFlowKit;
				PRODUCT_NAME = "$(TARGET_NAME)";
				SDKROOT = iphoneos;
				SKIP_INSTALL = YES;
				SWIFT_OPTIMIZATION_LEVEL = "-Owholemodule";
				SWIFT_VERSION = 3.0;
				TARGETED_DEVICE_FAMILY = "1,2";
				VALIDATE_PRODUCT = YES;
				VERSIONING_SYSTEM = "apple-generic";
				VERSION_INFO_PREFIX = "";
			};
			name = Release;
		};
		F22D207E1DF41F150032B8D6 /* Debug */ = {
			isa = XCBuildConfiguration;
			buildSettings = {
				ALWAYS_EMBED_SWIFT_STANDARD_LIBRARIES = YES;
				ALWAYS_SEARCH_USER_PATHS = NO;
				CLANG_ANALYZER_NONNULL = YES;
				CLANG_CXX_LANGUAGE_STANDARD = "gnu++0x";
				CLANG_CXX_LIBRARY = "libc++";
				CLANG_ENABLE_MODULES = YES;
				CLANG_ENABLE_OBJC_ARC = YES;
				CLANG_WARN_BOOL_CONVERSION = YES;
				CLANG_WARN_CONSTANT_CONVERSION = YES;
				CLANG_WARN_DIRECT_OBJC_ISA_USAGE = YES_ERROR;
				CLANG_WARN_DOCUMENTATION_COMMENTS = YES;
				CLANG_WARN_EMPTY_BODY = YES;
				CLANG_WARN_ENUM_CONVERSION = YES;
				CLANG_WARN_INFINITE_RECURSION = YES;
				CLANG_WARN_INT_CONVERSION = YES;
				CLANG_WARN_OBJC_ROOT_CLASS = YES_ERROR;
				CLANG_WARN_SUSPICIOUS_MOVES = YES;
				CLANG_WARN_UNREACHABLE_CODE = YES;
				CLANG_WARN__DUPLICATE_METHOD_MATCH = YES;
				"CODE_SIGN_IDENTITY[sdk=iphoneos*]" = "iPhone Developer";
				COPY_PHASE_STRIP = NO;
				DEBUG_INFORMATION_FORMAT = dwarf;
				DEVELOPMENT_TEAM = YZB6HYGFR3;
				ENABLE_STRICT_OBJC_MSGSEND = YES;
				ENABLE_TESTABILITY = YES;
				GCC_C_LANGUAGE_STANDARD = gnu99;
				GCC_DYNAMIC_NO_PIC = NO;
				GCC_NO_COMMON_BLOCKS = YES;
				GCC_OPTIMIZATION_LEVEL = 0;
				GCC_PREPROCESSOR_DEFINITIONS = (
					"DEBUG=1",
					"$(inherited)",
				);
				GCC_WARN_64_TO_32_BIT_CONVERSION = YES;
				GCC_WARN_ABOUT_RETURN_TYPE = YES_ERROR;
				GCC_WARN_UNDECLARED_SELECTOR = YES;
				GCC_WARN_UNINITIALIZED_AUTOS = YES_AGGRESSIVE;
				GCC_WARN_UNUSED_FUNCTION = YES;
				GCC_WARN_UNUSED_VARIABLE = YES;
				INFOPLIST_FILE = ScreenFlowKitTests/Info.plist;
				IPHONEOS_DEPLOYMENT_TARGET = 10.1;
				LD_RUNPATH_SEARCH_PATHS = "$(inherited) @executable_path/Frameworks @loader_path/Frameworks";
				MTL_ENABLE_DEBUG_INFO = YES;
				ONLY_ACTIVE_ARCH = YES;
				PRODUCT_BUNDLE_IDENTIFIER = org.karrmarr.ScreenFlowKitTests;
				PRODUCT_NAME = "$(TARGET_NAME)";
				SDKROOT = iphoneos;
				SWIFT_ACTIVE_COMPILATION_CONDITIONS = DEBUG;
				SWIFT_OPTIMIZATION_LEVEL = "-Onone";
				SWIFT_VERSION = 3.0;
				TEST_HOST = "$(BUILT_PRODUCTS_DIR)/ScreenFlowKitExample.app/ScreenFlowKitExample";
			};
			name = Debug;
		};
		F22D207F1DF41F150032B8D6 /* Release */ = {
			isa = XCBuildConfiguration;
			buildSettings = {
				ALWAYS_EMBED_SWIFT_STANDARD_LIBRARIES = YES;
				ALWAYS_SEARCH_USER_PATHS = NO;
				CLANG_ANALYZER_NONNULL = YES;
				CLANG_CXX_LANGUAGE_STANDARD = "gnu++0x";
				CLANG_CXX_LIBRARY = "libc++";
				CLANG_ENABLE_MODULES = YES;
				CLANG_ENABLE_OBJC_ARC = YES;
				CLANG_WARN_BOOL_CONVERSION = YES;
				CLANG_WARN_CONSTANT_CONVERSION = YES;
				CLANG_WARN_DIRECT_OBJC_ISA_USAGE = YES_ERROR;
				CLANG_WARN_DOCUMENTATION_COMMENTS = YES;
				CLANG_WARN_EMPTY_BODY = YES;
				CLANG_WARN_ENUM_CONVERSION = YES;
				CLANG_WARN_INFINITE_RECURSION = YES;
				CLANG_WARN_INT_CONVERSION = YES;
				CLANG_WARN_OBJC_ROOT_CLASS = YES_ERROR;
				CLANG_WARN_SUSPICIOUS_MOVES = YES;
				CLANG_WARN_UNREACHABLE_CODE = YES;
				CLANG_WARN__DUPLICATE_METHOD_MATCH = YES;
				"CODE_SIGN_IDENTITY[sdk=iphoneos*]" = "iPhone Developer";
				COPY_PHASE_STRIP = NO;
				DEBUG_INFORMATION_FORMAT = "dwarf-with-dsym";
				DEVELOPMENT_TEAM = YZB6HYGFR3;
				ENABLE_NS_ASSERTIONS = NO;
				ENABLE_STRICT_OBJC_MSGSEND = YES;
				GCC_C_LANGUAGE_STANDARD = gnu99;
				GCC_NO_COMMON_BLOCKS = YES;
				GCC_WARN_64_TO_32_BIT_CONVERSION = YES;
				GCC_WARN_ABOUT_RETURN_TYPE = YES_ERROR;
				GCC_WARN_UNDECLARED_SELECTOR = YES;
				GCC_WARN_UNINITIALIZED_AUTOS = YES_AGGRESSIVE;
				GCC_WARN_UNUSED_FUNCTION = YES;
				GCC_WARN_UNUSED_VARIABLE = YES;
				INFOPLIST_FILE = ScreenFlowKitTests/Info.plist;
				IPHONEOS_DEPLOYMENT_TARGET = 10.1;
				LD_RUNPATH_SEARCH_PATHS = "$(inherited) @executable_path/Frameworks @loader_path/Frameworks";
				MTL_ENABLE_DEBUG_INFO = NO;
				PRODUCT_BUNDLE_IDENTIFIER = org.karrmarr.ScreenFlowKitTests;
				PRODUCT_NAME = "$(TARGET_NAME)";
				SDKROOT = iphoneos;
				SWIFT_OPTIMIZATION_LEVEL = "-Owholemodule";
				SWIFT_VERSION = 3.0;
				TEST_HOST = "$(BUILT_PRODUCTS_DIR)/ScreenFlowKitExample.app/ScreenFlowKitExample";
				VALIDATE_PRODUCT = YES;
			};
			name = Release;
		};
		F22D20941DF41F3A0032B8D6 /* Debug */ = {
			isa = XCBuildConfiguration;
			buildSettings = {
				ALWAYS_SEARCH_USER_PATHS = NO;
				ASSETCATALOG_COMPILER_APPICON_NAME = AppIcon;
				CLANG_ANALYZER_NONNULL = YES;
				CLANG_CXX_LANGUAGE_STANDARD = "gnu++0x";
				CLANG_CXX_LIBRARY = "libc++";
				CLANG_ENABLE_MODULES = YES;
				CLANG_ENABLE_OBJC_ARC = YES;
				CLANG_WARN_BOOL_CONVERSION = YES;
				CLANG_WARN_CONSTANT_CONVERSION = YES;
				CLANG_WARN_DIRECT_OBJC_ISA_USAGE = YES_ERROR;
				CLANG_WARN_DOCUMENTATION_COMMENTS = YES;
				CLANG_WARN_EMPTY_BODY = YES;
				CLANG_WARN_ENUM_CONVERSION = YES;
				CLANG_WARN_INFINITE_RECURSION = YES;
				CLANG_WARN_INT_CONVERSION = YES;
				CLANG_WARN_OBJC_ROOT_CLASS = YES_ERROR;
				CLANG_WARN_SUSPICIOUS_MOVES = YES;
				CLANG_WARN_UNREACHABLE_CODE = YES;
				CLANG_WARN__DUPLICATE_METHOD_MATCH = YES;
				"CODE_SIGN_IDENTITY[sdk=iphoneos*]" = "iPhone Developer";
				COPY_PHASE_STRIP = NO;
				DEBUG_INFORMATION_FORMAT = dwarf;
				DEVELOPMENT_TEAM = YZB6HYGFR3;
				ENABLE_STRICT_OBJC_MSGSEND = YES;
				ENABLE_TESTABILITY = YES;
				GCC_C_LANGUAGE_STANDARD = gnu99;
				GCC_DYNAMIC_NO_PIC = NO;
				GCC_NO_COMMON_BLOCKS = YES;
				GCC_OPTIMIZATION_LEVEL = 0;
				GCC_PREPROCESSOR_DEFINITIONS = (
					"DEBUG=1",
					"$(inherited)",
				);
				GCC_WARN_64_TO_32_BIT_CONVERSION = YES;
				GCC_WARN_ABOUT_RETURN_TYPE = YES_ERROR;
				GCC_WARN_UNDECLARED_SELECTOR = YES;
				GCC_WARN_UNINITIALIZED_AUTOS = YES_AGGRESSIVE;
				GCC_WARN_UNUSED_FUNCTION = YES;
				GCC_WARN_UNUSED_VARIABLE = YES;
				INFOPLIST_FILE = ScreenFlowKitExample/Info.plist;
				IPHONEOS_DEPLOYMENT_TARGET = 10.1;
				LD_RUNPATH_SEARCH_PATHS = "$(inherited) @executable_path/Frameworks";
				MTL_ENABLE_DEBUG_INFO = YES;
				ONLY_ACTIVE_ARCH = YES;
				PRODUCT_BUNDLE_IDENTIFIER = org.karrmarr.ScreenFlowKitExample;
				PRODUCT_NAME = "$(TARGET_NAME)";
				SDKROOT = iphoneos;
				SWIFT_ACTIVE_COMPILATION_CONDITIONS = DEBUG;
				SWIFT_OPTIMIZATION_LEVEL = "-Onone";
				SWIFT_VERSION = 3.0;
			};
			name = Debug;
		};
		F22D20951DF41F3A0032B8D6 /* Release */ = {
			isa = XCBuildConfiguration;
			buildSettings = {
				ALWAYS_SEARCH_USER_PATHS = NO;
				ASSETCATALOG_COMPILER_APPICON_NAME = AppIcon;
				CLANG_ANALYZER_NONNULL = YES;
				CLANG_CXX_LANGUAGE_STANDARD = "gnu++0x";
				CLANG_CXX_LIBRARY = "libc++";
				CLANG_ENABLE_MODULES = YES;
				CLANG_ENABLE_OBJC_ARC = YES;
				CLANG_WARN_BOOL_CONVERSION = YES;
				CLANG_WARN_CONSTANT_CONVERSION = YES;
				CLANG_WARN_DIRECT_OBJC_ISA_USAGE = YES_ERROR;
				CLANG_WARN_DOCUMENTATION_COMMENTS = YES;
				CLANG_WARN_EMPTY_BODY = YES;
				CLANG_WARN_ENUM_CONVERSION = YES;
				CLANG_WARN_INFINITE_RECURSION = YES;
				CLANG_WARN_INT_CONVERSION = YES;
				CLANG_WARN_OBJC_ROOT_CLASS = YES_ERROR;
				CLANG_WARN_SUSPICIOUS_MOVES = YES;
				CLANG_WARN_UNREACHABLE_CODE = YES;
				CLANG_WARN__DUPLICATE_METHOD_MATCH = YES;
				"CODE_SIGN_IDENTITY[sdk=iphoneos*]" = "iPhone Developer";
				COPY_PHASE_STRIP = NO;
				DEBUG_INFORMATION_FORMAT = "dwarf-with-dsym";
				DEVELOPMENT_TEAM = YZB6HYGFR3;
				ENABLE_NS_ASSERTIONS = NO;
				ENABLE_STRICT_OBJC_MSGSEND = YES;
				GCC_C_LANGUAGE_STANDARD = gnu99;
				GCC_NO_COMMON_BLOCKS = YES;
				GCC_WARN_64_TO_32_BIT_CONVERSION = YES;
				GCC_WARN_ABOUT_RETURN_TYPE = YES_ERROR;
				GCC_WARN_UNDECLARED_SELECTOR = YES;
				GCC_WARN_UNINITIALIZED_AUTOS = YES_AGGRESSIVE;
				GCC_WARN_UNUSED_FUNCTION = YES;
				GCC_WARN_UNUSED_VARIABLE = YES;
				INFOPLIST_FILE = ScreenFlowKitExample/Info.plist;
				IPHONEOS_DEPLOYMENT_TARGET = 10.1;
				LD_RUNPATH_SEARCH_PATHS = "$(inherited) @executable_path/Frameworks";
				MTL_ENABLE_DEBUG_INFO = NO;
				PRODUCT_BUNDLE_IDENTIFIER = org.karrmarr.ScreenFlowKitExample;
				PRODUCT_NAME = "$(TARGET_NAME)";
				SDKROOT = iphoneos;
				SWIFT_OPTIMIZATION_LEVEL = "-Owholemodule";
				SWIFT_VERSION = 3.0;
				VALIDATE_PRODUCT = YES;
			};
			name = Release;
		};
/* End XCBuildConfiguration section */

/* Begin XCConfigurationList section */
		F22D205E1DF41BA10032B8D6 /* Build configuration list for PBXProject "ScreenFlowKit" */ = {
			isa = XCConfigurationList;
			buildConfigurations = (
				F22D205F1DF41BA10032B8D6 /* Debug */,
				F22D20601DF41BA10032B8D6 /* Release */,
			);
			defaultConfigurationIsVisible = 0;
			defaultConfigurationName = Release;
		};
		F22D206E1DF41EC30032B8D6 /* Build configuration list for PBXNativeTarget "ScreenFlowKit" */ = {
			isa = XCConfigurationList;
			buildConfigurations = (
				F22D206F1DF41EC30032B8D6 /* Debug */,
				F22D20701DF41EC30032B8D6 /* Release */,
			);
			defaultConfigurationIsVisible = 0;
			defaultConfigurationName = Release;
		};
		F22D207D1DF41F150032B8D6 /* Build configuration list for PBXNativeTarget "ScreenFlowKitTests" */ = {
			isa = XCConfigurationList;
			buildConfigurations = (
				F22D207E1DF41F150032B8D6 /* Debug */,
				F22D207F1DF41F150032B8D6 /* Release */,
			);
			defaultConfigurationIsVisible = 0;
			defaultConfigurationName = Release;
		};
		F22D20931DF41F3A0032B8D6 /* Build configuration list for PBXNativeTarget "ScreenFlowKitExample" */ = {
			isa = XCConfigurationList;
			buildConfigurations = (
				F22D20941DF41F3A0032B8D6 /* Debug */,
				F22D20951DF41F3A0032B8D6 /* Release */,
			);
			defaultConfigurationIsVisible = 0;
			defaultConfigurationName = Release;
		};
/* End XCConfigurationList section */
	};
	rootObject = F22D205B1DF41BA10032B8D6 /* Project object */;
}
