// !$*UTF8*$!
{
	archiveVersion = 1;
	classes = {
	};
	objectVersion = 46;
	objects = {

/* Begin PBXGroup section */
		F22D205A1DF41BA10032B8D6 = {
			isa = PBXGroup;
			children = (
			);
			sourceTree = "<group>";
		};
/* End PBXGroup section */

/* Begin PBXProject section */
		F22D205B1DF41BA10032B8D6 /* Project object */ = {
			isa = PBXProject;
			attributes = {
				LastUpgradeCheck = 0810;
			};
			buildConfigurationList = F22D205E1DF41BA10032B8D6 /* Build configuration list for PBXProject "ScreenFlowKit" */;
			compatibilityVersion = "Xcode 3.2";
			developmentRegion = English;
			hasScannedForEncodings = 0;
			knownRegions = (
				en,
			);
			mainGroup = F22D205A1DF41BA10032B8D6;
			projectDirPath = "";
			projectRoot = "";
			targets = (
			);
		};
/* End PBXProject section */

/* Begin XCBuildConfiguration section */
		F22D205F1DF41BA10032B8D6 /* Debug */ = {
			isa = XCBuildConfiguration;
			buildSettings = {
			};
			name = Debug;
		};
		F22D20601DF41BA10032B8D6 /* Release */ = {
			isa = XCBuildConfiguration;
			buildSettings = {
			};
			name = Release;
		};
/* End XCBuildConfiguration section */

/* Begin XCConfigurationList section */
		F22D205E1DF41BA10032B8D6 /* Build configuration list for PBXProject "ScreenFlowKit" */ = {
			isa = XCConfigurationList;
			buildConfigurations = (
				F22D205F1DF41BA10032B8D6 /* Debug */,
				F22D20601DF41BA10032B8D6 /* Release */,
			);
			defaultConfigurationIsVisible = 0;
			defaultConfigurationName = Release;
		};
/* End XCConfigurationList section */
	};
	rootObject = F22D205B1DF41BA10032B8D6 /* Project object */;
}
